Microsoft Visual Studio Solution File, Format Version 12.00
# Visual Studio Version 17
VisualStudioVersion = 17.5.2.0
MinimumVisualStudioVersion = 10.0.40219.1
Project("{FAE04EC0-301F-11D3-BF4B-00C04F79EFBC}") = "Api-Task", "Api-Task.csproj", "{EEFD7C60-43F5-E557-3AE3-F8F693FDE458}"
EndProject
Global
	GlobalSection(SolutionConfigurationPlatforms) = preSolution
		Debug|Any CPU = Debug|Any CPU
		Release|Any CPU = Release|Any CPU
	EndGlobalSection
	GlobalSection(ProjectConfigurationPlatforms) = postSolution
		{EEFD7C60-43F5-E557-3AE3-F8F693FDE458}.Debug|Any CPU.ActiveCfg = Debug|Any CPU
		{EEFD7C60-43F5-E557-3AE3-F8F693FDE458}.Debug|Any CPU.Build.0 = Debug|Any CPU
		{EEFD7C60-43F5-E557-3AE3-F8F693FDE458}.Release|Any CPU.ActiveCfg = Release|Any CPU
		{EEFD7C60-43F5-E557-3AE3-F8F693FDE458}.Release|Any CPU.Build.0 = Release|Any CPU
	EndGlobalSection
	GlobalSection(SolutionProperties) = preSolution
		HideSolutionNode = FALSE
	EndGlobalSection
	GlobalSection(ExtensibilityGlobals) = postSolution
		SolutionGuid = {BFC60319-FC21-4E96-8EF2-E16F33CE9BF7}
	EndGlobalSection
EndGlobal
